// !$*UTF8*$!
{
	archiveVersion = 1;
	classes = {
	};
	objectVersion = 54;
	objects = {

/* Begin PBXBuildFile section */
		345BF9662016B87600E3F9CB /* AppDelegate.swift in Sources */ = {isa = PBXBuildFile; fileRef = 345BF9652016B87600E3F9CB /* AppDelegate.swift */; };
		345BF9682016B87600E3F9CB /* ViewController.swift in Sources */ = {isa = PBXBuildFile; fileRef = 345BF9672016B87600E3F9CB /* ViewController.swift */; };
		345BF96B2016B87600E3F9CB /* Main.storyboard in Resources */ = {isa = PBXBuildFile; fileRef = 345BF9692016B87600E3F9CB /* Main.storyboard */; };
		345BF96D2016B87600E3F9CB /* Assets.xcassets in Resources */ = {isa = PBXBuildFile; fileRef = 345BF96C2016B87600E3F9CB /* Assets.xcassets */; };
		345BF9702016B87600E3F9CB /* LaunchScreen.storyboard in Resources */ = {isa = PBXBuildFile; fileRef = 345BF96E2016B87600E3F9CB /* LaunchScreen.storyboard */; };
		345BF97B2016B87700E3F9CB /* TheRightDvorakTests.swift in Sources */ = {isa = PBXBuildFile; fileRef = 345BF97A2016B87700E3F9CB /* TheRightDvorakTests.swift */; };
		345BF98C2016B8DF00E3F9CB /* KeyboardViewController.swift in Sources */ = {isa = PBXBuildFile; fileRef = 345BF98B2016B8DF00E3F9CB /* KeyboardViewController.swift */; };
		345BF9902016B8DF00E3F9CB /* Dvorak-Right-Handed.appex in Embed Foundation Extensions */ = {isa = PBXBuildFile; fileRef = 345BF9892016B8DF00E3F9CB /* Dvorak-Right-Handed.appex */; settings = {ATTRIBUTES = (RemoveHeadersOnCopy, ); }; };
		4A2098422B3CEAC300F09A0E /* SettingsView.swift in Sources */ = {isa = PBXBuildFile; fileRef = 4A2098412B3CEAC300F09A0E /* SettingsView.swift */; };
		4A54FBDB2BA21A1000D8930A /* KeyboardViewController.swift in Sources */ = {isa = PBXBuildFile; fileRef = 4A54FBDA2BA21A1000D8930A /* KeyboardViewController.swift */; };
		4A54FBDF2BA21A1000D8930A /* Dvorak-Left-Handed.appex in Embed Foundation Extensions */ = {isa = PBXBuildFile; fileRef = 4A54FBD82BA21A1000D8930A /* Dvorak-Left-Handed.appex */; settings = {ATTRIBUTES = (RemoveHeadersOnCopy, ); }; };
		4A54FBEF2BA4D71200D8930A /* KeyTitles.swift in Sources */ = {isa = PBXBuildFile; fileRef = 4A54FBED2BA4D6E200D8930A /* KeyTitles.swift */; };
		4A88EE9626991F8600B6A27D /* KeyboardView.swift in Sources */ = {isa = PBXBuildFile; fileRef = 4A88EE9526991F8600B6A27D /* KeyboardView.swift */; };
		4A88EE982699201300B6A27D /* CondensedKeyboardView.xib in Resources */ = {isa = PBXBuildFile; fileRef = 4A88EE972699201300B6A27D /* CondensedKeyboardView.xib */; };
		4ACBFBC4279739D700E2D364 /* Constants.swift in Sources */ = {isa = PBXBuildFile; fileRef = 4ACBFBC3279739D700E2D364 /* Constants.swift */; };
		4ACFC6C626C6248800504F3A /* KeyTitles.swift in Sources */ = {isa = PBXBuildFile; fileRef = 4ACFC6C526C6248800504F3A /* KeyTitles.swift */; };
		4AE19C832A93071A001F9CAC /* HapticManager.swift in Sources */ = {isa = PBXBuildFile; fileRef = 4AE19C822A93071A001F9CAC /* HapticManager.swift */; };
		4AF3D1C02B3E56BF00C4CEB9 /* KeyboardState.swift in Sources */ = {isa = PBXBuildFile; fileRef = 4AF3D1BF2B3E56BF00C4CEB9 /* KeyboardState.swift */; };
		4AFC1D2C2787F6130047DEBC /* FullKeyboardView.xib in Resources */ = {isa = PBXBuildFile; fileRef = 4AFC1D2B2787F6130047DEBC /* FullKeyboardView.xib */; };
/* End PBXBuildFile section */

/* Begin PBXContainerItemProxy section */
		345BF9772016B87700E3F9CB /* PBXContainerItemProxy */ = {
			isa = PBXContainerItemProxy;
			containerPortal = 345BF95A2016B87600E3F9CB /* Project object */;
			proxyType = 1;
			remoteGlobalIDString = 345BF9612016B87600E3F9CB;
			remoteInfo = containerAppv3;
		};
		345BF98E2016B8DF00E3F9CB /* PBXContainerItemProxy */ = {
			isa = PBXContainerItemProxy;
			containerPortal = 345BF95A2016B87600E3F9CB /* Project object */;
			proxyType = 1;
			remoteGlobalIDString = 345BF9882016B8DF00E3F9CB;
			remoteInfo = taylorDvor;
		};
		4A54FBDD2BA21A1000D8930A /* PBXContainerItemProxy */ = {
			isa = PBXContainerItemProxy;
			containerPortal = 345BF95A2016B87600E3F9CB /* Project object */;
			proxyType = 1;
			remoteGlobalIDString = 4A54FBD72BA21A1000D8930A;
			remoteInfo = "Dvorak-Left-Handed";
		};
/* End PBXContainerItemProxy section */

/* Begin PBXCopyFilesBuildPhase section */
		345BF9942016B8DF00E3F9CB /* Embed Foundation Extensions */ = {
			isa = PBXCopyFilesBuildPhase;
			buildActionMask = 2147483647;
			dstPath = "";
			dstSubfolderSpec = 13;
			files = (
				4A54FBDF2BA21A1000D8930A /* Dvorak-Left-Handed.appex in Embed Foundation Extensions */,
				345BF9902016B8DF00E3F9CB /* Dvorak-Right-Handed.appex in Embed Foundation Extensions */,
			);
			name = "Embed Foundation Extensions";
			runOnlyForDeploymentPostprocessing = 0;
		};
/* End PBXCopyFilesBuildPhase section */

/* Begin PBXFileReference section */
		345BF9622016B87600E3F9CB /* The Right Dvorak.app */ = {isa = PBXFileReference; explicitFileType = wrapper.application; includeInIndex = 0; path = "The Right Dvorak.app"; sourceTree = BUILT_PRODUCTS_DIR; };
		345BF9652016B87600E3F9CB /* AppDelegate.swift */ = {isa = PBXFileReference; lastKnownFileType = sourcecode.swift; path = AppDelegate.swift; sourceTree = "<group>"; };
		345BF9672016B87600E3F9CB /* ViewController.swift */ = {isa = PBXFileReference; lastKnownFileType = sourcecode.swift; path = ViewController.swift; sourceTree = "<group>"; };
		345BF96A2016B87600E3F9CB /* Base */ = {isa = PBXFileReference; lastKnownFileType = file.storyboard; name = Base; path = Base.lproj/Main.storyboard; sourceTree = "<group>"; };
		345BF96C2016B87600E3F9CB /* Assets.xcassets */ = {isa = PBXFileReference; lastKnownFileType = folder.assetcatalog; path = Assets.xcassets; sourceTree = "<group>"; };
		345BF96F2016B87600E3F9CB /* Base */ = {isa = PBXFileReference; lastKnownFileType = file.storyboard; name = Base; path = Base.lproj/LaunchScreen.storyboard; sourceTree = "<group>"; };
		345BF9712016B87600E3F9CB /* Info.plist */ = {isa = PBXFileReference; lastKnownFileType = text.plist.xml; path = Info.plist; sourceTree = "<group>"; };
		345BF9762016B87700E3F9CB /* TheRightDvorakTests.xctest */ = {isa = PBXFileReference; explicitFileType = wrapper.cfbundle; includeInIndex = 0; path = TheRightDvorakTests.xctest; sourceTree = BUILT_PRODUCTS_DIR; };
		345BF97A2016B87700E3F9CB /* TheRightDvorakTests.swift */ = {isa = PBXFileReference; lastKnownFileType = sourcecode.swift; path = TheRightDvorakTests.swift; sourceTree = "<group>"; };
		345BF97C2016B87700E3F9CB /* Info.plist */ = {isa = PBXFileReference; lastKnownFileType = text.plist.xml; path = Info.plist; sourceTree = "<group>"; };
		345BF9892016B8DF00E3F9CB /* Dvorak-Right-Handed.appex */ = {isa = PBXFileReference; explicitFileType = "wrapper.app-extension"; includeInIndex = 0; path = "Dvorak-Right-Handed.appex"; sourceTree = BUILT_PRODUCTS_DIR; };
		345BF98B2016B8DF00E3F9CB /* KeyboardViewController.swift */ = {isa = PBXFileReference; lastKnownFileType = sourcecode.swift; path = KeyboardViewController.swift; sourceTree = "<group>"; wrapsLines = 0; };
		345BF98D2016B8DF00E3F9CB /* Info.plist */ = {isa = PBXFileReference; lastKnownFileType = text.plist.xml; path = Info.plist; sourceTree = "<group>"; };
		4A2098412B3CEAC300F09A0E /* SettingsView.swift */ = {isa = PBXFileReference; lastKnownFileType = sourcecode.swift; path = SettingsView.swift; sourceTree = "<group>"; };
		4A3A4B602B718A2C0092121E /* PrivacyInfo.xcprivacy */ = {isa = PBXFileReference; lastKnownFileType = text.xml; path = PrivacyInfo.xcprivacy; sourceTree = SOURCE_ROOT; };
		4A54FBD82BA21A1000D8930A /* Dvorak-Left-Handed.appex */ = {isa = PBXFileReference; explicitFileType = "wrapper.app-extension"; includeInIndex = 0; path = "Dvorak-Left-Handed.appex"; sourceTree = BUILT_PRODUCTS_DIR; };
		4A54FBDA2BA21A1000D8930A /* KeyboardViewController.swift */ = {isa = PBXFileReference; lastKnownFileType = sourcecode.swift; path = KeyboardViewController.swift; sourceTree = "<group>"; };
		4A54FBDC2BA21A1000D8930A /* Info.plist */ = {isa = PBXFileReference; lastKnownFileType = text.plist.xml; path = Info.plist; sourceTree = "<group>"; };
		4A54FBED2BA4D6E200D8930A /* KeyTitles.swift */ = {isa = PBXFileReference; lastKnownFileType = sourcecode.swift; name = KeyTitles.swift; path = "Dvorak-Left-Handed/KeyTitles.swift"; sourceTree = SOURCE_ROOT; };
		4A88EE9526991F8600B6A27D /* KeyboardView.swift */ = {isa = PBXFileReference; lastKnownFileType = sourcecode.swift; path = KeyboardView.swift; sourceTree = "<group>"; };
		4A88EE972699201300B6A27D /* CondensedKeyboardView.xib */ = {isa = PBXFileReference; lastKnownFileType = file.xib; path = CondensedKeyboardView.xib; sourceTree = "<group>"; };
		4ACBFBC3279739D700E2D364 /* Constants.swift */ = {isa = PBXFileReference; lastKnownFileType = sourcecode.swift; path = Constants.swift; sourceTree = "<group>"; };
		4ACFC6C526C6248800504F3A /* KeyTitles.swift */ = {isa = PBXFileReference; lastKnownFileType = sourcecode.swift; path = KeyTitles.swift; sourceTree = "<group>"; };
		4AE19C822A93071A001F9CAC /* HapticManager.swift */ = {isa = PBXFileReference; lastKnownFileType = sourcecode.swift; path = HapticManager.swift; sourceTree = "<group>"; wrapsLines = 0; };
		4AF3D1BF2B3E56BF00C4CEB9 /* KeyboardState.swift */ = {isa = PBXFileReference; lastKnownFileType = sourcecode.swift; path = KeyboardState.swift; sourceTree = "<group>"; };
		4AFC1D2B2787F6130047DEBC /* FullKeyboardView.xib */ = {isa = PBXFileReference; fileEncoding = 4; lastKnownFileType = file.xib; path = FullKeyboardView.xib; sourceTree = "<group>"; };
/* End PBXFileReference section */

/* Begin PBXFrameworksBuildPhase section */
		345BF95F2016B87600E3F9CB /* Frameworks */ = {
			isa = PBXFrameworksBuildPhase;
			buildActionMask = 2147483647;
			files = (
			);
			runOnlyForDeploymentPostprocessing = 0;
		};
		345BF9732016B87700E3F9CB /* Frameworks */ = {
			isa = PBXFrameworksBuildPhase;
			buildActionMask = 2147483647;
			files = (
			);
			runOnlyForDeploymentPostprocessing = 0;
		};
		345BF9862016B8DF00E3F9CB /* Frameworks */ = {
			isa = PBXFrameworksBuildPhase;
			buildActionMask = 2147483647;
			files = (
			);
			runOnlyForDeploymentPostprocessing = 0;
		};
		4A54FBD52BA21A1000D8930A /* Frameworks */ = {
			isa = PBXFrameworksBuildPhase;
			buildActionMask = 2147483647;
			files = (
			);
			runOnlyForDeploymentPostprocessing = 0;
		};
/* End PBXFrameworksBuildPhase section */

/* Begin PBXGroup section */
		345BF9592016B87600E3F9CB = {
			isa = PBXGroup;
			children = (
				345BF9642016B87600E3F9CB /* TheRightDvorak */,
				345BF9792016B87700E3F9CB /* TheRightDvorakTests */,
				345BF98A2016B8DF00E3F9CB /* Dvorak-Right-Handed */,
				4A54FBD92BA21A1000D8930A /* Dvorak-Left-Handed */,
				345BF9632016B87600E3F9CB /* Products */,
			);
			sourceTree = "<group>";
		};
		345BF9632016B87600E3F9CB /* Products */ = {
			isa = PBXGroup;
			children = (
				345BF9622016B87600E3F9CB /* The Right Dvorak.app */,
				345BF9762016B87700E3F9CB /* TheRightDvorakTests.xctest */,
				345BF9892016B8DF00E3F9CB /* Dvorak-Right-Handed.appex */,
				4A54FBD82BA21A1000D8930A /* Dvorak-Left-Handed.appex */,
			);
			name = Products;
			sourceTree = "<group>";
		};
		345BF9642016B87600E3F9CB /* TheRightDvorak */ = {
			isa = PBXGroup;
			children = (
				345BF9652016B87600E3F9CB /* AppDelegate.swift */,
				345BF9672016B87600E3F9CB /* ViewController.swift */,
				345BF9692016B87600E3F9CB /* Main.storyboard */,
				345BF96C2016B87600E3F9CB /* Assets.xcassets */,
				345BF96E2016B87600E3F9CB /* LaunchScreen.storyboard */,
				345BF9712016B87600E3F9CB /* Info.plist */,
			);
			path = TheRightDvorak;
			sourceTree = "<group>";
		};
		345BF9792016B87700E3F9CB /* TheRightDvorakTests */ = {
			isa = PBXGroup;
			children = (
				345BF97A2016B87700E3F9CB /* TheRightDvorakTests.swift */,
				345BF97C2016B87700E3F9CB /* Info.plist */,
			);
			path = TheRightDvorakTests;
			sourceTree = "<group>";
		};
		345BF98A2016B8DF00E3F9CB /* Dvorak-Right-Handed */ = {
			isa = PBXGroup;
			children = (
				4A3A4B602B718A2C0092121E /* PrivacyInfo.xcprivacy */,
				345BF98B2016B8DF00E3F9CB /* KeyboardViewController.swift */,
				4AF3D1BC2B3E50B300C4CEB9 /* Utilities */,
				4A6202BF2B3E7A740054106C /* Views */,
				4A6202BE2B3E78BD0054106C /* Strings */,
				4AF3D1BF2B3E56BF00C4CEB9 /* KeyboardState.swift */,
				345BF98D2016B8DF00E3F9CB /* Info.plist */,
			);
			path = "Dvorak-Right-Handed";
			sourceTree = "<group>";
		};
		4A54FBD92BA21A1000D8930A /* Dvorak-Left-Handed */ = {
			isa = PBXGroup;
			children = (
				4A54FBED2BA4D6E200D8930A /* KeyTitles.swift */,
				4A54FBDA2BA21A1000D8930A /* KeyboardViewController.swift */,
				4A54FBDC2BA21A1000D8930A /* Info.plist */,
			);
			path = "Dvorak-Left-Handed";
			sourceTree = "<group>";
		};
		4A6202BE2B3E78BD0054106C /* Strings */ = {
			isa = PBXGroup;
			children = (
				4ACFC6C526C6248800504F3A /* KeyTitles.swift */,
				4ACBFBC3279739D700E2D364 /* Constants.swift */,
			);
			path = Strings;
			sourceTree = "<group>";
		};
		4A6202BF2B3E7A740054106C /* Views */ = {
			isa = PBXGroup;
			children = (
				4AF3D1BD2B3E540A00C4CEB9 /* KeyboardView */,
				4AF3D1BE2B3E54CB00C4CEB9 /* SettingsView */,
			);
			path = Views;
			sourceTree = "<group>";
		};
		4AF3D1BC2B3E50B300C4CEB9 /* Utilities */ = {
			isa = PBXGroup;
			children = (
				4AE19C822A93071A001F9CAC /* HapticManager.swift */,
			);
			path = Utilities;
			sourceTree = "<group>";
		};
		4AF3D1BD2B3E540A00C4CEB9 /* KeyboardView */ = {
			isa = PBXGroup;
			children = (
				4A88EE972699201300B6A27D /* CondensedKeyboardView.xib */,
				4AFC1D2B2787F6130047DEBC /* FullKeyboardView.xib */,
				4A88EE9526991F8600B6A27D /* KeyboardView.swift */,
			);
			path = KeyboardView;
			sourceTree = "<group>";
		};
		4AF3D1BE2B3E54CB00C4CEB9 /* SettingsView */ = {
			isa = PBXGroup;
			children = (
				4A2098412B3CEAC300F09A0E /* SettingsView.swift */,
			);
			path = SettingsView;
			sourceTree = "<group>";
		};
/* End PBXGroup section */

/* Begin PBXNativeTarget section */
		345BF9612016B87600E3F9CB /* TheRightDvorak */ = {
			isa = PBXNativeTarget;
			buildConfigurationList = 345BF97F2016B87700E3F9CB /* Build configuration list for PBXNativeTarget "TheRightDvorak" */;
			buildPhases = (
				345BF95E2016B87600E3F9CB /* Sources */,
				345BF95F2016B87600E3F9CB /* Frameworks */,
				345BF9602016B87600E3F9CB /* Resources */,
				345BF9942016B8DF00E3F9CB /* Embed Foundation Extensions */,
			);
			buildRules = (
			);
			dependencies = (
				345BF98F2016B8DF00E3F9CB /* PBXTargetDependency */,
				4A54FBDE2BA21A1000D8930A /* PBXTargetDependency */,
			);
			name = TheRightDvorak;
			productName = containerAppv3;
			productReference = 345BF9622016B87600E3F9CB /* The Right Dvorak.app */;
			productType = "com.apple.product-type.application";
		};
		345BF9752016B87700E3F9CB /* TheRightDvorakTests */ = {
			isa = PBXNativeTarget;
			buildConfigurationList = 345BF9822016B87700E3F9CB /* Build configuration list for PBXNativeTarget "TheRightDvorakTests" */;
			buildPhases = (
				345BF9722016B87700E3F9CB /* Sources */,
				345BF9732016B87700E3F9CB /* Frameworks */,
				345BF9742016B87700E3F9CB /* Resources */,
			);
			buildRules = (
			);
			dependencies = (
				345BF9782016B87700E3F9CB /* PBXTargetDependency */,
			);
			name = TheRightDvorakTests;
			productName = containerAppv3Tests;
			productReference = 345BF9762016B87700E3F9CB /* TheRightDvorakTests.xctest */;
			productType = "com.apple.product-type.bundle.unit-test";
		};
		345BF9882016B8DF00E3F9CB /* Dvorak-Right-Handed */ = {
			isa = PBXNativeTarget;
			buildConfigurationList = 345BF9912016B8DF00E3F9CB /* Build configuration list for PBXNativeTarget "Dvorak-Right-Handed" */;
			buildPhases = (
				345BF9852016B8DF00E3F9CB /* Sources */,
				345BF9862016B8DF00E3F9CB /* Frameworks */,
				345BF9872016B8DF00E3F9CB /* Resources */,
			);
			buildRules = (
			);
			dependencies = (
			);
			name = "Dvorak-Right-Handed";
			productName = taylorDvor;
			productReference = 345BF9892016B8DF00E3F9CB /* Dvorak-Right-Handed.appex */;
			productType = "com.apple.product-type.app-extension";
		};
		4A54FBD72BA21A1000D8930A /* Dvorak-Left-Handed */ = {
			isa = PBXNativeTarget;
			buildConfigurationList = 4A54FBE22BA21A1000D8930A /* Build configuration list for PBXNativeTarget "Dvorak-Left-Handed" */;
			buildPhases = (
				4A54FBD42BA21A1000D8930A /* Sources */,
				4A54FBD52BA21A1000D8930A /* Frameworks */,
				4A54FBD62BA21A1000D8930A /* Resources */,
			);
			buildRules = (
			);
			dependencies = (
			);
			name = "Dvorak-Left-Handed";
			productName = "Dvorak-Left-Handed";
			productReference = 4A54FBD82BA21A1000D8930A /* Dvorak-Left-Handed.appex */;
			productType = "com.apple.product-type.app-extension";
		};
/* End PBXNativeTarget section */

/* Begin PBXProject section */
		345BF95A2016B87600E3F9CB /* Project object */ = {
			isa = PBXProject;
			attributes = {
				BuildIndependentTargetsInParallel = YES;
				LastSwiftUpdateCheck = 1530;
				LastUpgradeCheck = 1530;
				ORGANIZATIONNAME = "Taylor Shaw";
				TargetAttributes = {
					345BF9612016B87600E3F9CB = {
						CreatedOnToolsVersion = 9.2;
						LastSwiftMigration = 1150;
						ProvisioningStyle = Automatic;
					};
					345BF9752016B87700E3F9CB = {
						CreatedOnToolsVersion = 9.2;
						LastSwiftMigration = 1150;
						ProvisioningStyle = Automatic;
						TestTargetID = 345BF9612016B87600E3F9CB;
					};
					345BF9882016B8DF00E3F9CB = {
						CreatedOnToolsVersion = 9.2;
						LastSwiftMigration = 1150;
						ProvisioningStyle = Automatic;
					};
					4A54FBD72BA21A1000D8930A = {
						CreatedOnToolsVersion = 15.3;
					};
				};
			};
			buildConfigurationList = 345BF95D2016B87600E3F9CB /* Build configuration list for PBXProject "TheRightDvorak" */;
			compatibilityVersion = "Xcode 8.0";
			developmentRegion = en;
			hasScannedForEncodings = 0;
			knownRegions = (
				en,
				Base,
			);
			mainGroup = 345BF9592016B87600E3F9CB;
			productRefGroup = 345BF9632016B87600E3F9CB /* Products */;
			projectDirPath = "";
			projectRoot = "";
			targets = (
				345BF9612016B87600E3F9CB /* TheRightDvorak */,
				345BF9752016B87700E3F9CB /* TheRightDvorakTests */,
				345BF9882016B8DF00E3F9CB /* Dvorak-Right-Handed */,
				4A54FBD72BA21A1000D8930A /* Dvorak-Left-Handed */,
			);
		};
/* End PBXProject section */

/* Begin PBXResourcesBuildPhase section */
		345BF9602016B87600E3F9CB /* Resources */ = {
			isa = PBXResourcesBuildPhase;
			buildActionMask = 2147483647;
			files = (
				345BF9702016B87600E3F9CB /* LaunchScreen.storyboard in Resources */,
				345BF96D2016B87600E3F9CB /* Assets.xcassets in Resources */,
				345BF96B2016B87600E3F9CB /* Main.storyboard in Resources */,
			);
			runOnlyForDeploymentPostprocessing = 0;
		};
		345BF9742016B87700E3F9CB /* Resources */ = {
			isa = PBXResourcesBuildPhase;
			buildActionMask = 2147483647;
			files = (
			);
			runOnlyForDeploymentPostprocessing = 0;
		};
		345BF9872016B8DF00E3F9CB /* Resources */ = {
			isa = PBXResourcesBuildPhase;
			buildActionMask = 2147483647;
			files = (
				4AFC1D2C2787F6130047DEBC /* FullKeyboardView.xib in Resources */,
				4A88EE982699201300B6A27D /* CondensedKeyboardView.xib in Resources */,
			);
			runOnlyForDeploymentPostprocessing = 0;
		};
		4A54FBD62BA21A1000D8930A /* Resources */ = {
			isa = PBXResourcesBuildPhase;
			buildActionMask = 2147483647;
			files = (
			);
			runOnlyForDeploymentPostprocessing = 0;
		};
/* End PBXResourcesBuildPhase section */

/* Begin PBXSourcesBuildPhase section */
		345BF95E2016B87600E3F9CB /* Sources */ = {
			isa = PBXSourcesBuildPhase;
			buildActionMask = 2147483647;
			files = (
				345BF9682016B87600E3F9CB /* ViewController.swift in Sources */,
				345BF9662016B87600E3F9CB /* AppDelegate.swift in Sources */,
			);
			runOnlyForDeploymentPostprocessing = 0;
		};
		345BF9722016B87700E3F9CB /* Sources */ = {
			isa = PBXSourcesBuildPhase;
			buildActionMask = 2147483647;
			files = (
				345BF97B2016B87700E3F9CB /* TheRightDvorakTests.swift in Sources */,
			);
			runOnlyForDeploymentPostprocessing = 0;
		};
		345BF9852016B8DF00E3F9CB /* Sources */ = {
			isa = PBXSourcesBuildPhase;
			buildActionMask = 2147483647;
			files = (
				4AF3D1C02B3E56BF00C4CEB9 /* KeyboardState.swift in Sources */,
				345BF98C2016B8DF00E3F9CB /* KeyboardViewController.swift in Sources */,
				4ACFC6C626C6248800504F3A /* KeyTitles.swift in Sources */,
				4AE19C832A93071A001F9CAC /* HapticManager.swift in Sources */,
				4A2098422B3CEAC300F09A0E /* SettingsView.swift in Sources */,
				4A88EE9626991F8600B6A27D /* KeyboardView.swift in Sources */,
				4ACBFBC4279739D700E2D364 /* Constants.swift in Sources */,
			);
			runOnlyForDeploymentPostprocessing = 0;
		};
		4A54FBD42BA21A1000D8930A /* Sources */ = {
			isa = PBXSourcesBuildPhase;
			buildActionMask = 2147483647;
			files = (
				4A54FBEF2BA4D71200D8930A /* KeyTitles.swift in Sources */,
				4A54FBDB2BA21A1000D8930A /* KeyboardViewController.swift in Sources */,
			);
			runOnlyForDeploymentPostprocessing = 0;
		};
/* End PBXSourcesBuildPhase section */

/* Begin PBXTargetDependency section */
		345BF9782016B87700E3F9CB /* PBXTargetDependency */ = {
			isa = PBXTargetDependency;
			target = 345BF9612016B87600E3F9CB /* TheRightDvorak */;
			targetProxy = 345BF9772016B87700E3F9CB /* PBXContainerItemProxy */;
		};
		345BF98F2016B8DF00E3F9CB /* PBXTargetDependency */ = {
			isa = PBXTargetDependency;
			target = 345BF9882016B8DF00E3F9CB /* Dvorak-Right-Handed */;
			targetProxy = 345BF98E2016B8DF00E3F9CB /* PBXContainerItemProxy */;
		};
		4A54FBDE2BA21A1000D8930A /* PBXTargetDependency */ = {
			isa = PBXTargetDependency;
			target = 4A54FBD72BA21A1000D8930A /* Dvorak-Left-Handed */;
			targetProxy = 4A54FBDD2BA21A1000D8930A /* PBXContainerItemProxy */;
		};
/* End PBXTargetDependency section */

/* Begin PBXVariantGroup section */
		345BF9692016B87600E3F9CB /* Main.storyboard */ = {
			isa = PBXVariantGroup;
			children = (
				345BF96A2016B87600E3F9CB /* Base */,
			);
			name = Main.storyboard;
			sourceTree = "<group>";
		};
		345BF96E2016B87600E3F9CB /* LaunchScreen.storyboard */ = {
			isa = PBXVariantGroup;
			children = (
				345BF96F2016B87600E3F9CB /* Base */,
			);
			name = LaunchScreen.storyboard;
			sourceTree = "<group>";
		};
/* End PBXVariantGroup section */

/* Begin XCBuildConfiguration section */
		345BF97D2016B87700E3F9CB /* Debug */ = {
			isa = XCBuildConfiguration;
			buildSettings = {
				ALWAYS_SEARCH_USER_PATHS = NO;
				ASSETCATALOG_COMPILER_GENERATE_SWIFT_ASSET_SYMBOL_EXTENSIONS = YES;
				CLANG_ANALYZER_NONNULL = YES;
				CLANG_ANALYZER_NUMBER_OBJECT_CONVERSION = YES_AGGRESSIVE;
				CLANG_CXX_LANGUAGE_STANDARD = "gnu++14";
				CLANG_CXX_LIBRARY = "libc++";
				CLANG_ENABLE_MODULES = YES;
				CLANG_ENABLE_OBJC_ARC = YES;
				CLANG_WARN_BLOCK_CAPTURE_AUTORELEASING = YES;
				CLANG_WARN_BOOL_CONVERSION = YES;
				CLANG_WARN_COMMA = YES;
				CLANG_WARN_CONSTANT_CONVERSION = YES;
				CLANG_WARN_DEPRECATED_OBJC_IMPLEMENTATIONS = YES;
				CLANG_WARN_DIRECT_OBJC_ISA_USAGE = YES_ERROR;
				CLANG_WARN_DOCUMENTATION_COMMENTS = YES;
				CLANG_WARN_EMPTY_BODY = YES;
				CLANG_WARN_ENUM_CONVERSION = YES;
				CLANG_WARN_INFINITE_RECURSION = YES;
				CLANG_WARN_INT_CONVERSION = YES;
				CLANG_WARN_NON_LITERAL_NULL_CONVERSION = YES;
				CLANG_WARN_OBJC_IMPLICIT_RETAIN_SELF = YES;
				CLANG_WARN_OBJC_LITERAL_CONVERSION = YES;
				CLANG_WARN_OBJC_ROOT_CLASS = YES_ERROR;
				CLANG_WARN_QUOTED_INCLUDE_IN_FRAMEWORK_HEADER = YES;
				CLANG_WARN_RANGE_LOOP_ANALYSIS = YES;
				CLANG_WARN_STRICT_PROTOTYPES = YES;
				CLANG_WARN_SUSPICIOUS_MOVE = YES;
				CLANG_WARN_UNGUARDED_AVAILABILITY = YES_AGGRESSIVE;
				CLANG_WARN_UNREACHABLE_CODE = YES;
				CLANG_WARN__DUPLICATE_METHOD_MATCH = YES;
				CODE_SIGN_IDENTITY = "iPhone Developer";
				COPY_PHASE_STRIP = NO;
				DEBUG_INFORMATION_FORMAT = dwarf;
				ENABLE_STRICT_OBJC_MSGSEND = YES;
				ENABLE_TESTABILITY = YES;
				ENABLE_USER_SCRIPT_SANDBOXING = YES;
				GCC_C_LANGUAGE_STANDARD = gnu11;
				GCC_DYNAMIC_NO_PIC = NO;
				GCC_NO_COMMON_BLOCKS = YES;
				GCC_OPTIMIZATION_LEVEL = 0;
				GCC_PREPROCESSOR_DEFINITIONS = (
					"DEBUG=1",
					"$(inherited)",
				);
				GCC_WARN_64_TO_32_BIT_CONVERSION = YES;
				GCC_WARN_ABOUT_RETURN_TYPE = YES_ERROR;
				GCC_WARN_UNDECLARED_SELECTOR = YES;
				GCC_WARN_UNINITIALIZED_AUTOS = YES_AGGRESSIVE;
				GCC_WARN_UNUSED_FUNCTION = YES;
				GCC_WARN_UNUSED_VARIABLE = YES;
				IPHONEOS_DEPLOYMENT_TARGET = 15.6;
				MTL_ENABLE_DEBUG_INFO = YES;
				ONLY_ACTIVE_ARCH = YES;
				SDKROOT = iphoneos;
				SWIFT_ACTIVE_COMPILATION_CONDITIONS = DEBUG;
				SWIFT_OPTIMIZATION_LEVEL = "-Onone";
			};
			name = Debug;
		};
		345BF97E2016B87700E3F9CB /* Release */ = {
			isa = XCBuildConfiguration;
			buildSettings = {
				ALWAYS_SEARCH_USER_PATHS = NO;
				ASSETCATALOG_COMPILER_GENERATE_SWIFT_ASSET_SYMBOL_EXTENSIONS = YES;
				CLANG_ANALYZER_NONNULL = YES;
				CLANG_ANALYZER_NUMBER_OBJECT_CONVERSION = YES_AGGRESSIVE;
				CLANG_CXX_LANGUAGE_STANDARD = "gnu++14";
				CLANG_CXX_LIBRARY = "libc++";
				CLANG_ENABLE_MODULES = YES;
				CLANG_ENABLE_OBJC_ARC = YES;
				CLANG_WARN_BLOCK_CAPTURE_AUTORELEASING = YES;
				CLANG_WARN_BOOL_CONVERSION = YES;
				CLANG_WARN_COMMA = YES;
				CLANG_WARN_CONSTANT_CONVERSION = YES;
				CLANG_WARN_DEPRECATED_OBJC_IMPLEMENTATIONS = YES;
				CLANG_WARN_DIRECT_OBJC_ISA_USAGE = YES_ERROR;
				CLANG_WARN_DOCUMENTATION_COMMENTS = YES;
				CLANG_WARN_EMPTY_BODY = YES;
				CLANG_WARN_ENUM_CONVERSION = YES;
				CLANG_WARN_INFINITE_RECURSION = YES;
				CLANG_WARN_INT_CONVERSION = YES;
				CLANG_WARN_NON_LITERAL_NULL_CONVERSION = YES;
				CLANG_WARN_OBJC_IMPLICIT_RETAIN_SELF = YES;
				CLANG_WARN_OBJC_LITERAL_CONVERSION = YES;
				CLANG_WARN_OBJC_ROOT_CLASS = YES_ERROR;
				CLANG_WARN_QUOTED_INCLUDE_IN_FRAMEWORK_HEADER = YES;
				CLANG_WARN_RANGE_LOOP_ANALYSIS = YES;
				CLANG_WARN_STRICT_PROTOTYPES = YES;
				CLANG_WARN_SUSPICIOUS_MOVE = YES;
				CLANG_WARN_UNGUARDED_AVAILABILITY = YES_AGGRESSIVE;
				CLANG_WARN_UNREACHABLE_CODE = YES;
				CLANG_WARN__DUPLICATE_METHOD_MATCH = YES;
				CODE_SIGN_IDENTITY = "Apple Distribution: Taylor Shaw (6P422K3WMK)";
				COPY_PHASE_STRIP = NO;
				DEBUG_INFORMATION_FORMAT = "dwarf-with-dsym";
				ENABLE_NS_ASSERTIONS = NO;
				ENABLE_STRICT_OBJC_MSGSEND = YES;
				ENABLE_USER_SCRIPT_SANDBOXING = YES;
				GCC_C_LANGUAGE_STANDARD = gnu11;
				GCC_NO_COMMON_BLOCKS = YES;
				GCC_WARN_64_TO_32_BIT_CONVERSION = YES;
				GCC_WARN_ABOUT_RETURN_TYPE = YES_ERROR;
				GCC_WARN_UNDECLARED_SELECTOR = YES;
				GCC_WARN_UNINITIALIZED_AUTOS = YES_AGGRESSIVE;
				GCC_WARN_UNUSED_FUNCTION = YES;
				GCC_WARN_UNUSED_VARIABLE = YES;
				IPHONEOS_DEPLOYMENT_TARGET = 15.6;
				MTL_ENABLE_DEBUG_INFO = NO;
				SDKROOT = iphoneos;
				SWIFT_COMPILATION_MODE = wholemodule;
				SWIFT_OPTIMIZATION_LEVEL = "-O";
				VALIDATE_PRODUCT = YES;
			};
			name = Release;
		};
		345BF9802016B87700E3F9CB /* Debug */ = {
			isa = XCBuildConfiguration;
			buildSettings = {
				ALWAYS_EMBED_SWIFT_STANDARD_LIBRARIES = YES;
				ASSETCATALOG_COMPILER_APPICON_NAME = AppIcon;
				CODE_SIGN_IDENTITY = "Apple Development";
				CODE_SIGN_STYLE = Automatic;
				CURRENT_PROJECT_VERSION = 1;
				DEVELOPMENT_TEAM = 6P422K3WMK;
				INFOPLIST_FILE = TheRightDvorak/Info.plist;
				IPHONEOS_DEPLOYMENT_TARGET = 15.6;
				LD_RUNPATH_SEARCH_PATHS = (
					"$(inherited)",
					"@executable_path/Frameworks",
				);
				MARKETING_VERSION = 3.0;
				PRODUCT_BUNDLE_IDENTIFIER = com.taylorcodeshop.therightdvorak;
				PRODUCT_NAME = "The Right Dvorak";
				PROVISIONING_PROFILE_SPECIFIER = "";
				SWIFT_VERSION = 5.0;
				TARGETED_DEVICE_FAMILY = "1,2";
			};
			name = Debug;
		};
		345BF9812016B87700E3F9CB /* Release */ = {
			isa = XCBuildConfiguration;
			buildSettings = {
				ALWAYS_EMBED_SWIFT_STANDARD_LIBRARIES = YES;
				ASSETCATALOG_COMPILER_APPICON_NAME = AppIcon;
				CODE_SIGN_IDENTITY = "Apple Development";
				CODE_SIGN_STYLE = Automatic;
				CURRENT_PROJECT_VERSION = 1;
				DEVELOPMENT_TEAM = 6P422K3WMK;
				INFOPLIST_FILE = TheRightDvorak/Info.plist;
				IPHONEOS_DEPLOYMENT_TARGET = 15.6;
				LD_RUNPATH_SEARCH_PATHS = (
					"$(inherited)",
					"@executable_path/Frameworks",
				);
				MARKETING_VERSION = 3.0;
				PRODUCT_BUNDLE_IDENTIFIER = com.taylorcodeshop.therightdvorak;
				PRODUCT_NAME = "The Right Dvorak";
				PROVISIONING_PROFILE_SPECIFIER = "";
				SWIFT_VERSION = 5.0;
				TARGETED_DEVICE_FAMILY = "1,2";
			};
			name = Release;
		};
		345BF9832016B87700E3F9CB /* Debug */ = {
			isa = XCBuildConfiguration;
			buildSettings = {
				ALWAYS_EMBED_SWIFT_STANDARD_LIBRARIES = YES;
				BUNDLE_LOADER = "$(TEST_HOST)";
				CODE_SIGN_STYLE = Automatic;
				DEVELOPMENT_TEAM = 6P422K3WMK;
				INFOPLIST_FILE = TheRightDvorakTests/Info.plist;
				LD_RUNPATH_SEARCH_PATHS = (
					"$(inherited)",
					"@executable_path/Frameworks",
					"@loader_path/Frameworks",
				);
				PRODUCT_BUNDLE_IDENTIFIER = com.taylorcodeshop.therightdvorakTests;
				PRODUCT_NAME = "$(TARGET_NAME)";
				SWIFT_VERSION = 5.0;
				TARGETED_DEVICE_FAMILY = "1,2";
				TEST_HOST = "$(BUILT_PRODUCTS_DIR)/TheRightDvorak.app/TheRightDvorak";
			};
			name = Debug;
		};
		345BF9842016B87700E3F9CB /* Release */ = {
			isa = XCBuildConfiguration;
			buildSettings = {
				ALWAYS_EMBED_SWIFT_STANDARD_LIBRARIES = YES;
				BUNDLE_LOADER = "$(TEST_HOST)";
				CODE_SIGN_STYLE = Automatic;
				DEVELOPMENT_TEAM = 6P422K3WMK;
				INFOPLIST_FILE = TheRightDvorakTests/Info.plist;
				LD_RUNPATH_SEARCH_PATHS = (
					"$(inherited)",
					"@executable_path/Frameworks",
					"@loader_path/Frameworks",
				);
				PRODUCT_BUNDLE_IDENTIFIER = com.taylorcodeshop.therightdvorakTests;
				PRODUCT_NAME = "$(TARGET_NAME)";
				SWIFT_VERSION = 5.0;
				TARGETED_DEVICE_FAMILY = "1,2";
				TEST_HOST = "$(BUILT_PRODUCTS_DIR)/TheRightDvorak.app/TheRightDvorak";
			};
			name = Release;
		};
		345BF9922016B8DF00E3F9CB /* Debug */ = {
			isa = XCBuildConfiguration;
			buildSettings = {
				CODE_SIGN_IDENTITY = "Apple Development";
				CODE_SIGN_STYLE = Automatic;
				CURRENT_PROJECT_VERSION = 1;
				DEVELOPMENT_TEAM = 6P422K3WMK;
				INFOPLIST_FILE = "Dvorak-Right-Handed/Info.plist";
				IPHONEOS_DEPLOYMENT_TARGET = 15.6;
				LD_RUNPATH_SEARCH_PATHS = (
					"$(inherited)",
					"@executable_path/Frameworks",
					"@executable_path/../../Frameworks",
				);
				MARKETING_VERSION = 3.0;
				PRODUCT_BUNDLE_IDENTIFIER = "com.taylorcodeshop.therightdvorak.dvorak-right";
				PRODUCT_NAME = "Dvorak-Right-Handed";
				PROVISIONING_PROFILE_SPECIFIER = "";
				SKIP_INSTALL = YES;
				SWIFT_VERSION = 5.0;
				TARGETED_DEVICE_FAMILY = "1,2";
			};
			name = Debug;
		};
		345BF9932016B8DF00E3F9CB /* Release */ = {
			isa = XCBuildConfiguration;
			buildSettings = {
				CODE_SIGN_IDENTITY = "Apple Development";
				CODE_SIGN_STYLE = Automatic;
				CURRENT_PROJECT_VERSION = 1;
				DEVELOPMENT_TEAM = 6P422K3WMK;
				INFOPLIST_FILE = "Dvorak-Right-Handed/Info.plist";
				IPHONEOS_DEPLOYMENT_TARGET = 15.6;
				LD_RUNPATH_SEARCH_PATHS = (
					"$(inherited)",
					"@executable_path/Frameworks",
					"@executable_path/../../Frameworks",
				);
				MARKETING_VERSION = 3.0;
				PRODUCT_BUNDLE_IDENTIFIER = "com.taylorcodeshop.therightdvorak.dvorak-right";
				PRODUCT_NAME = "Dvorak-Right-Handed";
				PROVISIONING_PROFILE_SPECIFIER = "";
				SKIP_INSTALL = YES;
				SWIFT_VERSION = 5.0;
				TARGETED_DEVICE_FAMILY = "1,2";
			};
			name = Release;
		};
		4A54FBE02BA21A1000D8930A /* Debug */ = {
			isa = XCBuildConfiguration;
			buildSettings = {
				ASSETCATALOG_COMPILER_GENERATE_SWIFT_ASSET_SYMBOL_EXTENSIONS = YES;
				CLANG_CXX_LANGUAGE_STANDARD = "gnu++20";
				CLANG_ENABLE_OBJC_WEAK = YES;
				CODE_SIGN_IDENTITY = "Apple Development";
				CODE_SIGN_STYLE = Automatic;
				CURRENT_PROJECT_VERSION = 1;
				DEVELOPMENT_TEAM = 6P422K3WMK;
				GCC_C_LANGUAGE_STANDARD = gnu17;
				GENERATE_INFOPLIST_FILE = YES;
				INFOPLIST_FILE = "Dvorak-Left-Handed/Info.plist";
				INFOPLIST_KEY_CFBundleDisplayName = "Dvorak-Left-Handed";
				INFOPLIST_KEY_NSHumanReadableCopyright = "Copyright © 2024 Taylor Shaw. All rights reserved.";
				IPHONEOS_DEPLOYMENT_TARGET = 15.5;
				LD_RUNPATH_SEARCH_PATHS = (
					"$(inherited)",
					"@executable_path/Frameworks",
					"@executable_path/../../Frameworks",
				);
				LOCALIZATION_PREFERS_STRING_CATALOGS = YES;
				MARKETING_VERSION = 3.0;
				MTL_ENABLE_DEBUG_INFO = INCLUDE_SOURCE;
				MTL_FAST_MATH = YES;
				PRODUCT_BUNDLE_IDENTIFIER = "com.taylorcodeshop.therightdvorak.dvorak-left";
				PRODUCT_NAME = "$(TARGET_NAME)";
				SKIP_INSTALL = YES;
				SWIFT_ACTIVE_COMPILATION_CONDITIONS = "DEBUG $(inherited)";
				SWIFT_EMIT_LOC_STRINGS = YES;
				SWIFT_VERSION = 5.0;
				TARGETED_DEVICE_FAMILY = "1,2";
			};
			name = Debug;
		};
		4A54FBE12BA21A1000D8930A /* Release */ = {
			isa = XCBuildConfiguration;
			buildSettings = {
				ASSETCATALOG_COMPILER_GENERATE_SWIFT_ASSET_SYMBOL_EXTENSIONS = YES;
				CLANG_CXX_LANGUAGE_STANDARD = "gnu++20";
				CLANG_ENABLE_OBJC_WEAK = YES;
				CODE_SIGN_IDENTITY = "Apple Development";
				CODE_SIGN_STYLE = Automatic;
				CURRENT_PROJECT_VERSION = 1;
				DEVELOPMENT_TEAM = 6P422K3WMK;
				GCC_C_LANGUAGE_STANDARD = gnu17;
				GENERATE_INFOPLIST_FILE = YES;
				INFOPLIST_FILE = "Dvorak-Left-Handed/Info.plist";
				INFOPLIST_KEY_CFBundleDisplayName = "Dvorak-Left-Handed";
				INFOPLIST_KEY_NSHumanReadableCopyright = "Copyright © 2024 Taylor Shaw. All rights reserved.";
				IPHONEOS_DEPLOYMENT_TARGET = 15.5;
				LD_RUNPATH_SEARCH_PATHS = (
					"$(inherited)",
					"@executable_path/Frameworks",
					"@executable_path/../../Frameworks",
				);
				LOCALIZATION_PREFERS_STRING_CATALOGS = YES;
				MARKETING_VERSION = 3.0;
				MTL_FAST_MATH = YES;
				PRODUCT_BUNDLE_IDENTIFIER = "com.taylorcodeshop.therightdvorak.dvorak-left";
				PRODUCT_NAME = "$(TARGET_NAME)";
				SKIP_INSTALL = YES;
				SWIFT_EMIT_LOC_STRINGS = YES;
				SWIFT_VERSION = 5.0;
				TARGETED_DEVICE_FAMILY = "1,2";
			};
			name = Release;
		};
/* End XCBuildConfiguration section */

/* Begin XCConfigurationList section */
		345BF95D2016B87600E3F9CB /* Build configuration list for PBXProject "TheRightDvorak" */ = {
			isa = XCConfigurationList;
			buildConfigurations = (
				345BF97D2016B87700E3F9CB /* Debug */,
				345BF97E2016B87700E3F9CB /* Release */,
			);
			defaultConfigurationIsVisible = 0;
			defaultConfigurationName = Release;
		};
		345BF97F2016B87700E3F9CB /* Build configuration list for PBXNativeTarget "TheRightDvorak" */ = {
			isa = XCConfigurationList;
			buildConfigurations = (
				345BF9802016B87700E3F9CB /* Debug */,
				345BF9812016B87700E3F9CB /* Release */,
			);
			defaultConfigurationIsVisible = 0;
			defaultConfigurationName = Release;
		};
		345BF9822016B87700E3F9CB /* Build configuration list for PBXNativeTarget "TheRightDvorakTests" */ = {
			isa = XCConfigurationList;
			buildConfigurations = (
				345BF9832016B87700E3F9CB /* Debug */,
				345BF9842016B87700E3F9CB /* Release */,
			);
			defaultConfigurationIsVisible = 0;
			defaultConfigurationName = Release;
		};
		345BF9912016B8DF00E3F9CB /* Build configuration list for PBXNativeTarget "Dvorak-Right-Handed" */ = {
			isa = XCConfigurationList;
			buildConfigurations = (
				345BF9922016B8DF00E3F9CB /* Debug */,
				345BF9932016B8DF00E3F9CB /* Release */,
			);
			defaultConfigurationIsVisible = 0;
			defaultConfigurationName = Release;
		};
		4A54FBE22BA21A1000D8930A /* Build configuration list for PBXNativeTarget "Dvorak-Left-Handed" */ = {
			isa = XCConfigurationList;
			buildConfigurations = (
				4A54FBE02BA21A1000D8930A /* Debug */,
				4A54FBE12BA21A1000D8930A /* Release */,
			);
			defaultConfigurationIsVisible = 0;
			defaultConfigurationName = Release;
		};
/* End XCConfigurationList section */
	};
	rootObject = 345BF95A2016B87600E3F9CB /* Project object */;
}
